{
  "requires": true,
  "lockfileVersion": 1,
  "dependencies": {
    "cordova-plugin-network-information": {
      "version": "2.0.1",
      "resolved": "https://registry.npmjs.org/cordova-plugin-network-information/-/cordova-plugin-network-information-2.0.1.tgz",
      "integrity": "sha1-6QQh9DDGq3bUCSI/Jfzvu7zhdpA="
    }
  }
}
